
Microsoft Visual Studio Solution File, Format Version 12.00
Project("{FAE04EC0-301F-11D3-BF4B-00C04F79EFBC}") = "Lab1", "Lab1\Lab1.csproj", "{4C6F54B0-CB9A-4A18-A967-3407B06DCD54}"
EndProject
Project("{FAE04EC0-301F-11D3-BF4B-00C04F79EFBC}") = "LinearAlgebra", "LinearAlgebra\LinearAlgebra.csproj", "{035C5686-2590-468E-A1C5-12E68A9B0B2D}"
EndProject
Project("{FAE04EC0-301F-11D3-BF4B-00C04F79EFBC}") = "Lab2", "Lab2\Lab2.csproj", "{FD0D8695-E50C-4A87-80C8-539766538362}"
EndProject
Project("{FAE04EC0-301F-11D3-BF4B-00C04F79EFBC}") = "Lab3", "Lab3\Lab3.csproj", "{2876153D-91A5-452F-BDB7-BB4FD28D687D}"
EndProject
Global
	GlobalSection(SolutionConfigurationPlatforms) = preSolution
		Debug|Any CPU = Debug|Any CPU
		Release|Any CPU = Release|Any CPU
	EndGlobalSection
	GlobalSection(ProjectConfigurationPlatforms) = postSolution
		{4C6F54B0-CB9A-4A18-A967-3407B06DCD54}.Debug|Any CPU.ActiveCfg = Debug|Any CPU
		{4C6F54B0-CB9A-4A18-A967-3407B06DCD54}.Debug|Any CPU.Build.0 = Debug|Any CPU
		{4C6F54B0-CB9A-4A18-A967-3407B06DCD54}.Release|Any CPU.ActiveCfg = Release|Any CPU
		{4C6F54B0-CB9A-4A18-A967-3407B06DCD54}.Release|Any CPU.Build.0 = Release|Any CPU
		{035C5686-2590-468E-A1C5-12E68A9B0B2D}.Debug|Any CPU.ActiveCfg = Debug|Any CPU
		{035C5686-2590-468E-A1C5-12E68A9B0B2D}.Debug|Any CPU.Build.0 = Debug|Any CPU
		{035C5686-2590-468E-A1C5-12E68A9B0B2D}.Release|Any CPU.ActiveCfg = Release|Any CPU
		{035C5686-2590-468E-A1C5-12E68A9B0B2D}.Release|Any CPU.Build.0 = Release|Any CPU
		{FD0D8695-E50C-4A87-80C8-539766538362}.Debug|Any CPU.ActiveCfg = Debug|Any CPU
		{FD0D8695-E50C-4A87-80C8-539766538362}.Debug|Any CPU.Build.0 = Debug|Any CPU
		{FD0D8695-E50C-4A87-80C8-539766538362}.Release|Any CPU.ActiveCfg = Release|Any CPU
		{FD0D8695-E50C-4A87-80C8-539766538362}.Release|Any CPU.Build.0 = Release|Any CPU
		{2876153D-91A5-452F-BDB7-BB4FD28D687D}.Debug|Any CPU.ActiveCfg = Debug|Any CPU
		{2876153D-91A5-452F-BDB7-BB4FD28D687D}.Debug|Any CPU.Build.0 = Debug|Any CPU
		{2876153D-91A5-452F-BDB7-BB4FD28D687D}.Release|Any CPU.ActiveCfg = Release|Any CPU
		{2876153D-91A5-452F-BDB7-BB4FD28D687D}.Release|Any CPU.Build.0 = Release|Any CPU
	EndGlobalSection
EndGlobal
